
Microsoft Visual Studio Solution File, Format Version 12.00
Project("{FAE04EC0-301F-11D3-BF4B-00C04F79EFBC}") = "MobileAppModule1", "MobileAppModule1.csproj", "{68FBAB0C-ABF6-4BC1-8181-D347A6BE33F8}"
EndProject
Global
	GlobalSection(SolutionConfigurationPlatforms) = preSolution
		Debug|Any CPU = Debug|Any CPU
		Release|Any CPU = Release|Any CPU
	EndGlobalSection
	GlobalSection(ProjectConfigurationPlatforms) = postSolution
		{68FBAB0C-ABF6-4BC1-8181-D347A6BE33F8}.Debug|Any CPU.ActiveCfg = Debug|Any CPU
		{68FBAB0C-ABF6-4BC1-8181-D347A6BE33F8}.Debug|Any CPU.Build.0 = Debug|Any CPU
		{68FBAB0C-ABF6-4BC1-8181-D347A6BE33F8}.Release|Any CPU.ActiveCfg = Release|Any CPU
		{68FBAB0C-ABF6-4BC1-8181-D347A6BE33F8}.Release|Any CPU.Build.0 = Release|Any CPU
	EndGlobalSection
EndGlobal
